
Microsoft Visual Studio Solution File, Format Version 12.00
# Visual Studio Version 16
VisualStudioVersion = 16.0.30523.141
MinimumVisualStudioVersion = 10.0.40219.1
Project("{FAE04EC0-301F-11D3-BF4B-00C04F79EFBC}") = "LabControls", "LabControls\LabControls.csproj", "{A0187E57-2121-4E47-8746-1BBA3498034F}"
EndProject
Project("{FAE04EC0-301F-11D3-BF4B-00C04F79EFBC}") = "TestControlsApplication", "TestControlsApplication\TestControlsApplication.csproj", "{0F7E00CF-A56A-4365-8A3C-B4B5F54019EA}"
EndProject
Global
	GlobalSection(SolutionConfigurationPlatforms) = preSolution
		Debug|Any CPU = Debug|Any CPU
		Release|Any CPU = Release|Any CPU
	EndGlobalSection
	GlobalSection(ProjectConfigurationPlatforms) = postSolution
		{A0187E57-2121-4E47-8746-1BBA3498034F}.Debug|Any CPU.ActiveCfg = Debug|Any CPU
		{A0187E57-2121-4E47-8746-1BBA3498034F}.Debug|Any CPU.Build.0 = Debug|Any CPU
		{A0187E57-2121-4E47-8746-1BBA3498034F}.Release|Any CPU.ActiveCfg = Release|Any CPU
		{A0187E57-2121-4E47-8746-1BBA3498034F}.Release|Any CPU.Build.0 = Release|Any CPU
		{0F7E00CF-A56A-4365-8A3C-B4B5F54019EA}.Debug|Any CPU.ActiveCfg = Debug|Any CPU
		{0F7E00CF-A56A-4365-8A3C-B4B5F54019EA}.Debug|Any CPU.Build.0 = Debug|Any CPU
		{0F7E00CF-A56A-4365-8A3C-B4B5F54019EA}.Release|Any CPU.ActiveCfg = Release|Any CPU
		{0F7E00CF-A56A-4365-8A3C-B4B5F54019EA}.Release|Any CPU.Build.0 = Release|Any CPU
	EndGlobalSection
	GlobalSection(SolutionProperties) = preSolution
		HideSolutionNode = FALSE
	EndGlobalSection
	GlobalSection(ExtensibilityGlobals) = postSolution
		SolutionGuid = {5082412D-847B-4FF2-90FE-FC0E5CA99E62}
	EndGlobalSection
EndGlobal
